
Microsoft Visual Studio Solution File, Format Version 12.00
# Visual Studio Version 16
VisualStudioVersion = 16.0.32228.343
MinimumVisualStudioVersion = 10.0.40219.1
Project("{FAE04EC0-301F-11D3-BF4B-00C04F79EFBC}") = "Sedc.OOP.class4.homework.app", "Sedc.OOP.class4.homework.app\Sedc.OOP.class4.homework.app.csproj", "{D6F2F710-9FB1-4E71-97D5-6F81D2F85464}"
EndProject
Global
	GlobalSection(SolutionConfigurationPlatforms) = preSolution
		Debug|Any CPU = Debug|Any CPU
		Release|Any CPU = Release|Any CPU
	EndGlobalSection
	GlobalSection(ProjectConfigurationPlatforms) = postSolution
		{D6F2F710-9FB1-4E71-97D5-6F81D2F85464}.Debug|Any CPU.ActiveCfg = Debug|Any CPU
		{D6F2F710-9FB1-4E71-97D5-6F81D2F85464}.Debug|Any CPU.Build.0 = Debug|Any CPU
		{D6F2F710-9FB1-4E71-97D5-6F81D2F85464}.Release|Any CPU.ActiveCfg = Release|Any CPU
		{D6F2F710-9FB1-4E71-97D5-6F81D2F85464}.Release|Any CPU.Build.0 = Release|Any CPU
	EndGlobalSection
	GlobalSection(SolutionProperties) = preSolution
		HideSolutionNode = FALSE
	EndGlobalSection
	GlobalSection(ExtensibilityGlobals) = postSolution
		SolutionGuid = {538D9A0C-4DF5-48F2-B006-4C55016AC31E}
	EndGlobalSection
EndGlobal
