
Microsoft Visual Studio Solution File, Format Version 12.00
# Visual Studio Version 16
VisualStudioVersion = 16.0.32126.315
MinimumVisualStudioVersion = 10.0.40219.1
Project("{FAE04EC0-301F-11D3-BF4B-00C04F79EFBC}") = "Sedc.excercise.class1.App", "Sedc.excercise.class1.App\Sedc.excercise.class1.App.csproj", "{59035A35-7CF4-4202-BF9A-B8D6425E7E0B}"
EndProject
Project("{FAE04EC0-301F-11D3-BF4B-00C04F79EFBC}") = "Sedc.excercise.class1.App1", "Sedc.excercise.class1.App1\Sedc.excercise.class1.App1.csproj", "{BB25FECA-C300-46F4-8CCE-06CC023D6640}"
EndProject
Global
	GlobalSection(SolutionConfigurationPlatforms) = preSolution
		Debug|Any CPU = Debug|Any CPU
		Release|Any CPU = Release|Any CPU
	EndGlobalSection
	GlobalSection(ProjectConfigurationPlatforms) = postSolution
		{59035A35-7CF4-4202-BF9A-B8D6425E7E0B}.Debug|Any CPU.ActiveCfg = Debug|Any CPU
		{59035A35-7CF4-4202-BF9A-B8D6425E7E0B}.Debug|Any CPU.Build.0 = Debug|Any CPU
		{59035A35-7CF4-4202-BF9A-B8D6425E7E0B}.Release|Any CPU.ActiveCfg = Release|Any CPU
		{59035A35-7CF4-4202-BF9A-B8D6425E7E0B}.Release|Any CPU.Build.0 = Release|Any CPU
		{BB25FECA-C300-46F4-8CCE-06CC023D6640}.Debug|Any CPU.ActiveCfg = Debug|Any CPU
		{BB25FECA-C300-46F4-8CCE-06CC023D6640}.Debug|Any CPU.Build.0 = Debug|Any CPU
		{BB25FECA-C300-46F4-8CCE-06CC023D6640}.Release|Any CPU.ActiveCfg = Release|Any CPU
		{BB25FECA-C300-46F4-8CCE-06CC023D6640}.Release|Any CPU.Build.0 = Release|Any CPU
	EndGlobalSection
	GlobalSection(SolutionProperties) = preSolution
		HideSolutionNode = FALSE
	EndGlobalSection
	GlobalSection(ExtensibilityGlobals) = postSolution
		SolutionGuid = {40AA13D0-674F-4A59-9DDE-44A413DB3932}
	EndGlobalSection
EndGlobal
