
Microsoft Visual Studio Solution File, Format Version 12.00
# Visual Studio Version 17
VisualStudioVersion = 17.1.32210.238
MinimumVisualStudioVersion = 10.0.40219.1
Project("{FAE04EC0-301F-11D3-BF4B-00C04F79EFBC}") = "Sedc.OOP.Class9.LinqQuery.App", "Sedc.OOP.Class9.LinqQuery.App\Sedc.OOP.Class9.LinqQuery.App.csproj", "{0E421BE4-B056-4DB2-9E19-17683238C246}"
EndProject
Project("{FAE04EC0-301F-11D3-BF4B-00C04F79EFBC}") = "Sedc.OOP.Class9.ErrorHandling.App", "Sedc.OOP.Class9.ErrorHandling.App\Sedc.OOP.Class9.ErrorHandling.App.csproj", "{F6AFFC2C-9B9D-4C71-A4AE-493AFB373526}"
EndProject
Global
	GlobalSection(SolutionConfigurationPlatforms) = preSolution
		Debug|Any CPU = Debug|Any CPU
		Release|Any CPU = Release|Any CPU
	EndGlobalSection
	GlobalSection(ProjectConfigurationPlatforms) = postSolution
		{0E421BE4-B056-4DB2-9E19-17683238C246}.Debug|Any CPU.ActiveCfg = Debug|Any CPU
		{0E421BE4-B056-4DB2-9E19-17683238C246}.Debug|Any CPU.Build.0 = Debug|Any CPU
		{0E421BE4-B056-4DB2-9E19-17683238C246}.Release|Any CPU.ActiveCfg = Release|Any CPU
		{0E421BE4-B056-4DB2-9E19-17683238C246}.Release|Any CPU.Build.0 = Release|Any CPU
		{F6AFFC2C-9B9D-4C71-A4AE-493AFB373526}.Debug|Any CPU.ActiveCfg = Debug|Any CPU
		{F6AFFC2C-9B9D-4C71-A4AE-493AFB373526}.Debug|Any CPU.Build.0 = Debug|Any CPU
		{F6AFFC2C-9B9D-4C71-A4AE-493AFB373526}.Release|Any CPU.ActiveCfg = Release|Any CPU
		{F6AFFC2C-9B9D-4C71-A4AE-493AFB373526}.Release|Any CPU.Build.0 = Release|Any CPU
	EndGlobalSection
	GlobalSection(SolutionProperties) = preSolution
		HideSolutionNode = FALSE
	EndGlobalSection
	GlobalSection(ExtensibilityGlobals) = postSolution
		SolutionGuid = {5EC003B6-B95A-45E9-BB2B-1467A4738E4A}
	EndGlobalSection
EndGlobal
